
Microsoft Visual Studio Solution File, Format Version 12.00
# Visual Studio 2012
Project("{FAE04EC0-301F-11D3-BF4B-00C04F79EFBC}") = "PhotoOrganizer", "PhotoOrganizer\PhotoOrganizer.csproj", "{59C0BD3D-FCF7-418B-9141-CABDACC8EAFF}"
EndProject
Global
	GlobalSection(SolutionConfigurationPlatforms) = preSolution
		Debug|Any CPU = Debug|Any CPU
		Release|Any CPU = Release|Any CPU
	EndGlobalSection
	GlobalSection(ProjectConfigurationPlatforms) = postSolution
		{59C0BD3D-FCF7-418B-9141-CABDACC8EAFF}.Debug|Any CPU.ActiveCfg = Debug|Any CPU
		{59C0BD3D-FCF7-418B-9141-CABDACC8EAFF}.Debug|Any CPU.Build.0 = Debug|Any CPU
		{59C0BD3D-FCF7-418B-9141-CABDACC8EAFF}.Release|Any CPU.ActiveCfg = Release|Any CPU
		{59C0BD3D-FCF7-418B-9141-CABDACC8EAFF}.Release|Any CPU.Build.0 = Release|Any CPU
	EndGlobalSection
	GlobalSection(SolutionProperties) = preSolution
		HideSolutionNode = FALSE
	EndGlobalSection
EndGlobal
